
Microsoft Visual Studio Solution File, Format Version 12.00
# Visual Studio Version 17
VisualStudioVersion = 17.3.32929.385
MinimumVisualStudioVersion = 10.0.40219.1
Project("{FAE04EC0-301F-11D3-BF4B-00C04F79EFBC}") = "MyFirstBlazorProejct2", "MyFirstBlazorProejct2\MyFirstBlazorProejct2.csproj", "{ABFFFC82-09A2-47B1-84B0-0D0B4FC110FA}"
EndProject
Global
	GlobalSection(SolutionConfigurationPlatforms) = preSolution
		Debug|Any CPU = Debug|Any CPU
		Release|Any CPU = Release|Any CPU
	EndGlobalSection
	GlobalSection(ProjectConfigurationPlatforms) = postSolution
		{ABFFFC82-09A2-47B1-84B0-0D0B4FC110FA}.Debug|Any CPU.ActiveCfg = Debug|Any CPU
		{ABFFFC82-09A2-47B1-84B0-0D0B4FC110FA}.Debug|Any CPU.Build.0 = Debug|Any CPU
		{ABFFFC82-09A2-47B1-84B0-0D0B4FC110FA}.Release|Any CPU.ActiveCfg = Release|Any CPU
		{ABFFFC82-09A2-47B1-84B0-0D0B4FC110FA}.Release|Any CPU.Build.0 = Release|Any CPU
	EndGlobalSection
	GlobalSection(SolutionProperties) = preSolution
		HideSolutionNode = FALSE
	EndGlobalSection
	GlobalSection(ExtensibilityGlobals) = postSolution
		SolutionGuid = {6E28D3D3-7E86-4088-9D8D-4DD085FD6686}
	EndGlobalSection
EndGlobal
